PODS:
  - blade (0.0.1):
    - Flutter
  - Flutter (1.0.0)

DEPENDENCIES:
  - blade (from `.symlinks/plugins/blade/ios`)
  - Flutter (from `Flutter`)

EXTERNAL SOURCES:
  blade:
    :path: ".symlinks/plugins/blade/ios"
  Flutter:
    :path: Flutter

SPEC CHECKSUMS:
  blade: 3b492a62f4799fc2fb16f50ff2f8b54bc17e3b9f
  Flutter: 434fef37c0980e73bb6479ef766c45957d4b510c

PODFILE CHECKSUM: aafe91acc616949ddb318b77800a7f51bffa2a4c

COCOAPODS: 1.9.1
